
Microsoft Visual Studio Solution File, Format Version 12.00
# Visual Studio 15
VisualStudioVersion = 15.0.27130.2020
MinimumVisualStudioVersion = 10.0.40219.1
Project("{D954291E-2A0B-460D-934E-DC6B0785DB48}") = "Common", "Common\Common.shproj", "{E7439368-9A13-487F-934F-78C67F9CEE2F}"
EndProject
Project("{FAE04EC0-301F-11D3-BF4B-00C04F79EFBC}") = "Tests", "Tests\Tests.csproj", "{4B2BC9C5-EE00-4422-841C-ADCB1F39E69E}"
EndProject
Project("{FAE04EC0-301F-11D3-BF4B-00C04F79EFBC}") = "Git.InedoExtension", "Git.InedoExtension\Git.InedoExtension.csproj", "{F4B222C8-1270-4153-B50B-62D70ABD73DD}"
EndProject
Project("{FAE04EC0-301F-11D3-BF4B-00C04F79EFBC}") = "GitHub.InedoExtension", "GitHub.InedoExtension\GitHub.InedoExtension.csproj", "{AA553FE9-1918-4B8A-846A-1821F3485C04}"
EndProject
Project("{FAE04EC0-301F-11D3-BF4B-00C04F79EFBC}") = "GitLab.InedoExtension", "GitLab.InedoExtension\GitLab.InedoExtension.csproj", "{7DEFFD91-CCDE-4BC6-8E75-7880A11A12E2}"
EndProject
Global
	GlobalSection(SharedMSBuildProjectFiles) = preSolution
		Common\Common.projitems*{7deffd91-ccde-4bc6-8e75-7880a11a12e2}*SharedItemsImports = 4
		Common\Common.projitems*{aa553fe9-1918-4b8a-846a-1821f3485c04}*SharedItemsImports = 4
		Common\Common.projitems*{e7439368-9a13-487f-934f-78c67f9cee2f}*SharedItemsImports = 13
		Common\Common.projitems*{f4b222c8-1270-4153-b50b-62d70abd73dd}*SharedItemsImports = 4
	EndGlobalSection
	GlobalSection(SolutionConfigurationPlatforms) = preSolution
		Debug|Any CPU = Debug|Any CPU
		Release|Any CPU = Release|Any CPU
	EndGlobalSection
	GlobalSection(ProjectConfigurationPlatforms) = postSolution
		{4B2BC9C5-EE00-4422-841C-ADCB1F39E69E}.Debug|Any CPU.ActiveCfg = Debug|Any CPU
		{4B2BC9C5-EE00-4422-841C-ADCB1F39E69E}.Debug|Any CPU.Build.0 = Debug|Any CPU
		{4B2BC9C5-EE00-4422-841C-ADCB1F39E69E}.Release|Any CPU.ActiveCfg = Release|Any CPU
		{4B2BC9C5-EE00-4422-841C-ADCB1F39E69E}.Release|Any CPU.Build.0 = Release|Any CPU
		{F4B222C8-1270-4153-B50B-62D70ABD73DD}.Debug|Any CPU.ActiveCfg = Debug|Any CPU
		{F4B222C8-1270-4153-B50B-62D70ABD73DD}.Debug|Any CPU.Build.0 = Debug|Any CPU
		{F4B222C8-1270-4153-B50B-62D70ABD73DD}.Release|Any CPU.ActiveCfg = Release|Any CPU
		{F4B222C8-1270-4153-B50B-62D70ABD73DD}.Release|Any CPU.Build.0 = Release|Any CPU
		{AA553FE9-1918-4B8A-846A-1821F3485C04}.Debug|Any CPU.ActiveCfg = Debug|Any CPU
		{AA553FE9-1918-4B8A-846A-1821F3485C04}.Debug|Any CPU.Build.0 = Debug|Any CPU
		{AA553FE9-1918-4B8A-846A-1821F3485C04}.Release|Any CPU.ActiveCfg = Release|Any CPU
		{AA553FE9-1918-4B8A-846A-1821F3485C04}.Release|Any CPU.Build.0 = Release|Any CPU
		{7DEFFD91-CCDE-4BC6-8E75-7880A11A12E2}.Debug|Any CPU.ActiveCfg = Debug|Any CPU
		{7DEFFD91-CCDE-4BC6-8E75-7880A11A12E2}.Debug|Any CPU.Build.0 = Debug|Any CPU
		{7DEFFD91-CCDE-4BC6-8E75-7880A11A12E2}.Release|Any CPU.ActiveCfg = Release|Any CPU
		{7DEFFD91-CCDE-4BC6-8E75-7880A11A12E2}.Release|Any CPU.Build.0 = Release|Any CPU
	EndGlobalSection
	GlobalSection(SolutionProperties) = preSolution
		HideSolutionNode = FALSE
	EndGlobalSection
	GlobalSection(ExtensibilityGlobals) = postSolution
		SolutionGuid = {EF97DD7D-2CEB-4FFC-AB5F-3F98EAA8C551}
	EndGlobalSection
EndGlobal
